
Microsoft Visual Studio Solution File, Format Version 12.00
# Visual Studio Version 17
VisualStudioVersion = 17.3.32901.215
MinimumVisualStudioVersion = 10.0.40219.1
Project("{FAE04EC0-301F-11D3-BF4B-00C04F79EFBC}") = "ContosoUniversity.Web", "ContosoUniversity.Web\ContosoUniversity.Web.csproj", "{6B8C39B9-0458-4868-9BD3-D47C6089B27E}"
EndProject
Project("{9A19103F-16F7-4668-BE54-9A1E7A4F7556}") = "ContosoUniversity.Data", "..\Data\ContosoUniversity.Data.csproj", "{B8693A1A-4857-453E-B992-2FFE88F8550E}"
EndProject
Global
	GlobalSection(SolutionConfigurationPlatforms) = preSolution
		Debug|Any CPU = Debug|Any CPU
		Release|Any CPU = Release|Any CPU
	EndGlobalSection
	GlobalSection(ProjectConfigurationPlatforms) = postSolution
		{6B8C39B9-0458-4868-9BD3-D47C6089B27E}.Debug|Any CPU.ActiveCfg = Debug|Any CPU
		{6B8C39B9-0458-4868-9BD3-D47C6089B27E}.Debug|Any CPU.Build.0 = Debug|Any CPU
		{6B8C39B9-0458-4868-9BD3-D47C6089B27E}.Release|Any CPU.ActiveCfg = Release|Any CPU
		{6B8C39B9-0458-4868-9BD3-D47C6089B27E}.Release|Any CPU.Build.0 = Release|Any CPU
		{B8693A1A-4857-453E-B992-2FFE88F8550E}.Debug|Any CPU.ActiveCfg = Debug|Any CPU
		{B8693A1A-4857-453E-B992-2FFE88F8550E}.Debug|Any CPU.Build.0 = Debug|Any CPU
		{B8693A1A-4857-453E-B992-2FFE88F8550E}.Release|Any CPU.ActiveCfg = Release|Any CPU
		{B8693A1A-4857-453E-B992-2FFE88F8550E}.Release|Any CPU.Build.0 = Release|Any CPU
	EndGlobalSection
	GlobalSection(SolutionProperties) = preSolution
		HideSolutionNode = FALSE
	EndGlobalSection
	GlobalSection(ExtensibilityGlobals) = postSolution
		SolutionGuid = {FBC64B0D-AD62-4075-A193-FFEB2CE51F4E}
	EndGlobalSection
EndGlobal
