
Microsoft Visual Studio Solution File, Format Version 12.00
# Visual Studio Version 17
VisualStudioVersion = 17.3.32901.215
MinimumVisualStudioVersion = 10.0.40219.1
Project("{9A19103F-16F7-4668-BE54-9A1E7A4F7556}") = "ContosoUniversity.Data", "ContosoUniversity.Data.csproj", "{94C4E566-0338-4309-BA35-F25F10941B48}"
EndProject
Project("{9A19103F-16F7-4668-BE54-9A1E7A4F7556}") = "ContosoUniversity.Data.Tests", "..\Tests\ContosoUniversity.Data.Tests.csproj", "{B3AFDE9D-EC5C-442F-B2CF-A63C2C325187}"
EndProject
Global
	GlobalSection(SolutionConfigurationPlatforms) = preSolution
		Debug|Any CPU = Debug|Any CPU
		Release|Any CPU = Release|Any CPU
	EndGlobalSection
	GlobalSection(ProjectConfigurationPlatforms) = postSolution
		{94C4E566-0338-4309-BA35-F25F10941B48}.Debug|Any CPU.ActiveCfg = Debug|Any CPU
		{94C4E566-0338-4309-BA35-F25F10941B48}.Debug|Any CPU.Build.0 = Debug|Any CPU
		{94C4E566-0338-4309-BA35-F25F10941B48}.Release|Any CPU.ActiveCfg = Release|Any CPU
		{94C4E566-0338-4309-BA35-F25F10941B48}.Release|Any CPU.Build.0 = Release|Any CPU
		{B3AFDE9D-EC5C-442F-B2CF-A63C2C325187}.Debug|Any CPU.ActiveCfg = Debug|Any CPU
		{B3AFDE9D-EC5C-442F-B2CF-A63C2C325187}.Debug|Any CPU.Build.0 = Debug|Any CPU
		{B3AFDE9D-EC5C-442F-B2CF-A63C2C325187}.Release|Any CPU.ActiveCfg = Release|Any CPU
		{B3AFDE9D-EC5C-442F-B2CF-A63C2C325187}.Release|Any CPU.Build.0 = Release|Any CPU
	EndGlobalSection
	GlobalSection(SolutionProperties) = preSolution
		HideSolutionNode = FALSE
	EndGlobalSection
	GlobalSection(ExtensibilityGlobals) = postSolution
		SolutionGuid = {65B66E39-FD88-47E3-B0A1-FCF05884E732}
	EndGlobalSection
EndGlobal
